Microsoft Visual Studio Solution File, Format Version 12.00
# Visual Studio Version 17
VisualStudioVersion = 17.0.31903.59
MinimumVisualStudioVersion = 10.0.40219.1
Project("{FAE04EC0-301F-11D3-BF4B-00C04F79EFBC}") = "IntegrationBus.Core", "src\IntegrationBus.Core\IntegrationBus.Core.csproj", "{A1B2C3D4-E5F6-7890-ABCD-EF1234567890}"
EndProject
Project("{FAE04EC0-301F-11D3-BF4B-00C04F79EFBC}") = "IntegrationBus.InMemory", "src\IntegrationBus.InMemory\IntegrationBus.InMemory.csproj", "{5397B2EF-7FBA-48BD-AE57-9B01CB46DC84}"
EndProject
Project("{FAE04EC0-301F-11D3-BF4B-00C04F79EFBC}") = "IntegrationBus.RabbitMQ", "src\IntegrationBus.RabbitMQ\IntegrationBus.RabbitMQ.csproj", "{D6357946-67C4-46CD-B870-21AE563F259B}"
EndProject
Project("{FAE04EC0-301F-11D3-BF4B-00C04F79EFBC}") = "IntegrationBus.Examples", "examples\IntegrationBus.Examples\IntegrationBus.Examples.csproj", "{C946BE89-0A53-4ACF-B57D-A9F00D9F7048}"
EndProject
Project("{FAE04EC0-301F-11D3-BF4B-00C04F79EFBC}") = "IntegrationBus.External", "src\IntegrationBus.External\IntegrationBus.External.csproj", "{ED60CCAB-5A02-48F0-8F45-3D1729E0225E}"
EndProject
Project("{FAE04EC0-301F-11D3-BF4B-00C04F79EFBC}") = "IntegrationBus.External.Examples", "examples\IntegrationBus.External.Examples\IntegrationBus.External.Examples.csproj", "{69977282-B503-4288-8801-52028FAE3923}"
EndProject
Global
	GlobalSection(SolutionConfigurationPlatforms) = preSolution
		Debug|Any CPU = Debug|Any CPU
		Release|Any CPU = Release|Any CPU
	EndGlobalSection
	GlobalSection(ProjectConfigurationPlatforms) = postSolution
		{A1B2C3D4-E5F6-7890-ABCD-EF1234567890}.Debug|Any CPU.ActiveCfg = Debug|Any CPU
		{A1B2C3D4-E5F6-7890-ABCD-EF1234567890}.Debug|Any CPU.Build.0 = Debug|Any CPU
		{A1B2C3D4-E5F6-7890-ABCD-EF1234567890}.Release|Any CPU.ActiveCfg = Release|Any CPU
		{A1B2C3D4-E5F6-7890-ABCD-EF1234567890}.Release|Any CPU.Build.0 = Release|Any CPU
		{5397B2EF-7FBA-48BD-AE57-9B01CB46DC84}.Debug|Any CPU.ActiveCfg = Debug|Any CPU
		{5397B2EF-7FBA-48BD-AE57-9B01CB46DC84}.Debug|Any CPU.Build.0 = Debug|Any CPU
		{5397B2EF-7FBA-48BD-AE57-9B01CB46DC84}.Release|Any CPU.ActiveCfg = Release|Any CPU
		{5397B2EF-7FBA-48BD-AE57-9B01CB46DC84}.Release|Any CPU.Build.0 = Release|Any CPU
		{D6357946-67C4-46CD-B870-21AE563F259B}.Debug|Any CPU.ActiveCfg = Debug|Any CPU
		{D6357946-67C4-46CD-B870-21AE563F259B}.Debug|Any CPU.Build.0 = Debug|Any CPU
		{D6357946-67C4-46CD-B870-21AE563F259B}.Release|Any CPU.ActiveCfg = Release|Any CPU
		{D6357946-67C4-46CD-B870-21AE563F259B}.Release|Any CPU.Build.0 = Release|Any CPU
		{C946BE89-0A53-4ACF-B57D-A9F00D9F7048}.Debug|Any CPU.ActiveCfg = Debug|Any CPU
		{C946BE89-0A53-4ACF-B57D-A9F00D9F7048}.Debug|Any CPU.Build.0 = Debug|Any CPU
		{C946BE89-0A53-4ACF-B57D-A9F00D9F7048}.Release|Any CPU.ActiveCfg = Release|Any CPU
		{C946BE89-0A53-4ACF-B57D-A9F00D9F7048}.Release|Any CPU.Build.0 = Release|Any CPU
		{ED60CCAB-5A02-48F0-8F45-3D1729E0225E}.Debug|Any CPU.ActiveCfg = Debug|Any CPU
		{ED60CCAB-5A02-48F0-8F45-3D1729E0225E}.Debug|Any CPU.Build.0 = Debug|Any CPU
		{ED60CCAB-5A02-48F0-8F45-3D1729E0225E}.Release|Any CPU.ActiveCfg = Release|Any CPU
		{ED60CCAB-5A02-48F0-8F45-3D1729E0225E}.Release|Any CPU.Build.0 = Release|Any CPU
		{69977282-B503-4288-8801-52028FAE3923}.Debug|Any CPU.ActiveCfg = Debug|Any CPU
		{69977282-B503-4288-8801-52028FAE3923}.Debug|Any CPU.Build.0 = Debug|Any CPU
		{69977282-B503-4288-8801-52028FAE3923}.Release|Any CPU.ActiveCfg = Release|Any CPU
		{69977282-B503-4288-8801-52028FAE3923}.Release|Any CPU.Build.0 = Release|Any CPU
	EndGlobalSection
	GlobalSection(SolutionProperties) = preSolution
		HideSolutionNode = FALSE
	EndGlobalSection
EndGlobal
